
Microsoft Visual Studio Solution File, Format Version 12.00
# Visual Studio Version 16
VisualStudioVersion = 16.0.29609.76
MinimumVisualStudioVersion = 10.0.40219.1
Project("{FAE04EC0-301F-11D3-BF4B-00C04F79EFBC}") = "projet_Ecole-Algorithme-Compression-Decompression", "projet_Ecole-Algorithme-Compression-Decompression\projet_Ecole-Algorithme-Compression-Decompression.csproj", "{B8BD6870-E097-4E4C-BAD9-327526FF79CE}"
EndProject
Global
	GlobalSection(SolutionConfigurationPlatforms) = preSolution
		Debug|Any CPU = Debug|Any CPU
		Release|Any CPU = Release|Any CPU
	EndGlobalSection
	GlobalSection(ProjectConfigurationPlatforms) = postSolution
		{B8BD6870-E097-4E4C-BAD9-327526FF79CE}.Debug|Any CPU.ActiveCfg = Debug|Any CPU
		{B8BD6870-E097-4E4C-BAD9-327526FF79CE}.Debug|Any CPU.Build.0 = Debug|Any CPU
		{B8BD6870-E097-4E4C-BAD9-327526FF79CE}.Release|Any CPU.ActiveCfg = Release|Any CPU
		{B8BD6870-E097-4E4C-BAD9-327526FF79CE}.Release|Any CPU.Build.0 = Release|Any CPU
	EndGlobalSection
	GlobalSection(SolutionProperties) = preSolution
		HideSolutionNode = FALSE
	EndGlobalSection
	GlobalSection(ExtensibilityGlobals) = postSolution
		SolutionGuid = {3992E022-B580-4FD2-9116-C0F0F4E184DB}
	EndGlobalSection
EndGlobal
